
Microsoft Visual Studio Solution File, Format Version 12.00
# Visual Studio 15
VisualStudioVersion = 15.0.27130.2020
MinimumVisualStudioVersion = 10.0.40219.1
Project("{FAE04EC0-301F-11D3-BF4B-00C04F79EFBC}") = "DataStructures", "DataStructures\DataStructures.csproj", "{185EB174-7994-4308-A963-AF81DE3DD455}"
EndProject
Global
	GlobalSection(SolutionConfigurationPlatforms) = preSolution
		Debug|Any CPU = Debug|Any CPU
		Release|Any CPU = Release|Any CPU
	EndGlobalSection
	GlobalSection(ProjectConfigurationPlatforms) = postSolution
		{185EB174-7994-4308-A963-AF81DE3DD455}.Debug|Any CPU.ActiveCfg = Debug|Any CPU
		{185EB174-7994-4308-A963-AF81DE3DD455}.Debug|Any CPU.Build.0 = Debug|Any CPU
		{185EB174-7994-4308-A963-AF81DE3DD455}.Release|Any CPU.ActiveCfg = Release|Any CPU
		{185EB174-7994-4308-A963-AF81DE3DD455}.Release|Any CPU.Build.0 = Release|Any CPU
	EndGlobalSection
	GlobalSection(SolutionProperties) = preSolution
		HideSolutionNode = FALSE
	EndGlobalSection
	GlobalSection(ExtensibilityGlobals) = postSolution
		SolutionGuid = {9A4E8647-8535-4EA3-844C-80F35066D347}
	EndGlobalSection
EndGlobal
